
Microsoft Visual Studio Solution File, Format Version 12.00
# Visual Studio Version 17
VisualStudioVersion = 17.11.35303.130
MinimumVisualStudioVersion = 10.0.40219.1
Project("{FAE04EC0-301F-11D3-BF4B-00C04F79EFBC}") = "backend", "backend.csproj", "{ABD3CA3C-3C97-4538-B544-B8FB9BA12445}"
EndProject
Global
	GlobalSection(SolutionConfigurationPlatforms) = preSolution
		Debug|Any CPU = Debug|Any CPU
		Release|Any CPU = Release|Any CPU
	EndGlobalSection
	GlobalSection(ProjectConfigurationPlatforms) = postSolution
		{ABD3CA3C-3C97-4538-B544-B8FB9BA12445}.Debug|Any CPU.ActiveCfg = Debug|Any CPU
		{ABD3CA3C-3C97-4538-B544-B8FB9BA12445}.Debug|Any CPU.Build.0 = Debug|Any CPU
		{ABD3CA3C-3C97-4538-B544-B8FB9BA12445}.Release|Any CPU.ActiveCfg = Release|Any CPU
		{ABD3CA3C-3C97-4538-B544-B8FB9BA12445}.Release|Any CPU.Build.0 = Release|Any CPU
	EndGlobalSection
	GlobalSection(SolutionProperties) = preSolution
		HideSolutionNode = FALSE
	EndGlobalSection
	GlobalSection(ExtensibilityGlobals) = postSolution
		SolutionGuid = {7FDCC137-50C0-4B90-99D8-B41864CD4DD4}
	EndGlobalSection
EndGlobal
